
Microsoft Visual Studio Solution File, Format Version 12.00
# Visual Studio Version 17
VisualStudioVersion = 17.0.32112.339
MinimumVisualStudioVersion = 10.0.40219.1
Project("{9A19103F-16F7-4668-BE54-9A1E7A4F7556}") = "DataStructures", "DataStructures.csproj", "{758CDDA6-0B6A-4984-B562-15FD5C70F0F0}"
EndProject
Project("{FAE04EC0-301F-11D3-BF4B-00C04F79EFBC}") = "DataStructures_xUnitTest", "..\DataStructure_xUnitTest\DataStructures_xUnitTest.csproj", "{3EDDDD89-A982-4B8B-A457-F31C805A2DB8}"
EndProject
Global
	GlobalSection(SolutionConfigurationPlatforms) = preSolution
		Debug|Any CPU = Debug|Any CPU
		Release|Any CPU = Release|Any CPU
	EndGlobalSection
	GlobalSection(ProjectConfigurationPlatforms) = postSolution
		{758CDDA6-0B6A-4984-B562-15FD5C70F0F0}.Debug|Any CPU.ActiveCfg = Debug|Any CPU
		{758CDDA6-0B6A-4984-B562-15FD5C70F0F0}.Debug|Any CPU.Build.0 = Debug|Any CPU
		{758CDDA6-0B6A-4984-B562-15FD5C70F0F0}.Release|Any CPU.ActiveCfg = Release|Any CPU
		{758CDDA6-0B6A-4984-B562-15FD5C70F0F0}.Release|Any CPU.Build.0 = Release|Any CPU
		{3EDDDD89-A982-4B8B-A457-F31C805A2DB8}.Debug|Any CPU.ActiveCfg = Debug|Any CPU
		{3EDDDD89-A982-4B8B-A457-F31C805A2DB8}.Debug|Any CPU.Build.0 = Debug|Any CPU
		{3EDDDD89-A982-4B8B-A457-F31C805A2DB8}.Release|Any CPU.ActiveCfg = Release|Any CPU
		{3EDDDD89-A982-4B8B-A457-F31C805A2DB8}.Release|Any CPU.Build.0 = Release|Any CPU
	EndGlobalSection
	GlobalSection(SolutionProperties) = preSolution
		HideSolutionNode = FALSE
	EndGlobalSection
	GlobalSection(ExtensibilityGlobals) = postSolution
		SolutionGuid = {4F028FFA-9AC7-44FD-98A4-555F1A540858}
	EndGlobalSection
EndGlobal
